
Microsoft Visual Studio Solution File, Format Version 12.00
# Visual Studio Version 16
VisualStudioVersion = 16.0.34301.259
MinimumVisualStudioVersion = 10.0.40219.1
Project("{FAE04EC0-301F-11D3-BF4B-00C04F79EFBC}") = "CryptographyWPF", "CryptographyWPF.csproj", "{EF31A982-BA9E-460F-886B-BC4E8F8FE709}"
EndProject
Global
	GlobalSection(SolutionConfigurationPlatforms) = preSolution
		Debug|Any CPU = Debug|Any CPU
		Release|Any CPU = Release|Any CPU
	EndGlobalSection
	GlobalSection(ProjectConfigurationPlatforms) = postSolution
		{EF31A982-BA9E-460F-886B-BC4E8F8FE709}.Debug|Any CPU.ActiveCfg = Debug|Any CPU
		{EF31A982-BA9E-460F-886B-BC4E8F8FE709}.Debug|Any CPU.Build.0 = Debug|Any CPU
		{EF31A982-BA9E-460F-886B-BC4E8F8FE709}.Release|Any CPU.ActiveCfg = Release|Any CPU
		{EF31A982-BA9E-460F-886B-BC4E8F8FE709}.Release|Any CPU.Build.0 = Release|Any CPU
	EndGlobalSection
	GlobalSection(SolutionProperties) = preSolution
		HideSolutionNode = FALSE
	EndGlobalSection
	GlobalSection(ExtensibilityGlobals) = postSolution
		SolutionGuid = {DB884112-6DAB-42EB-8EF0-37EFAF65A7EE}
	EndGlobalSection
EndGlobal
